// !$*UTF8*$!
{
	archiveVersion = 1;
	classes = {
	};
	objectVersion = 55;
	objects = {

/* Begin PBXBuildFile section */
		B0D903A6CA92F172284AA9A9 /* Pods_testFBSignInOut.framework in Frameworks */ = {isa = PBXBuildFile; fileRef = F744D3F5CE1565A0AFAD26E2 /* Pods_testFBSignInOut.framework */; };
		E3A2EABC2863757B00F2D507 /* GoogleService-Info.plist in Resources */ = {isa = PBXBuildFile; fileRef = E3A2EABB2863757B00F2D507 /* GoogleService-Info.plist */; };
		E3D24235285F8DC000531D6E /* AppDelegate.swift in Sources */ = {isa = PBXBuildFile; fileRef = E3D24234285F8DC000531D6E /* AppDelegate.swift */; };
		E3D24237285F8DC000531D6E /* SceneDelegate.swift in Sources */ = {isa = PBXBuildFile; fileRef = E3D24236285F8DC000531D6E /* SceneDelegate.swift */; };
		E3D24239285F8DC000531D6E /* ViewController.swift in Sources */ = {isa = PBXBuildFile; fileRef = E3D24238285F8DC000531D6E /* ViewController.swift */; };
		E3D2423C285F8DC000531D6E /* Main.storyboard in Resources */ = {isa = PBXBuildFile; fileRef = E3D2423A285F8DC000531D6E /* Main.storyboard */; };
		E3D2423E285F8DC100531D6E /* Assets.xcassets in Resources */ = {isa = PBXBuildFile; fileRef = E3D2423D285F8DC100531D6E /* Assets.xcassets */; };
		E3D24241285F8DC100531D6E /* LaunchScreen.storyboard in Resources */ = {isa = PBXBuildFile; fileRef = E3D2423F285F8DC100531D6E /* LaunchScreen.storyboard */; };
/* End PBXBuildFile section */

/* Begin PBXFileReference section */
		2F55DCAC59C53CF165C3ED5A /* Pods-testFBSignInOut.release.xcconfig */ = {isa = PBXFileReference; includeInIndex = 1; lastKnownFileType = text.xcconfig; name = "Pods-testFBSignInOut.release.xcconfig"; path = "Target Support Files/Pods-testFBSignInOut/Pods-testFBSignInOut.release.xcconfig"; sourceTree = "<group>"; };
		301A677E185BAB4334BF039F /* Pods-testFBSignInOut.debug.xcconfig */ = {isa = PBXFileReference; includeInIndex = 1; lastKnownFileType = text.xcconfig; name = "Pods-testFBSignInOut.debug.xcconfig"; path = "Target Support Files/Pods-testFBSignInOut/Pods-testFBSignInOut.debug.xcconfig"; sourceTree = "<group>"; };
		E3A2EABB2863757B00F2D507 /* GoogleService-Info.plist */ = {isa = PBXFileReference; fileEncoding = 4; lastKnownFileType = text.plist.xml; path = "GoogleService-Info.plist"; sourceTree = "<group>"; };
		E3A2EABD28637A9000F2D507 /* testFBSignInOut.entitlements */ = {isa = PBXFileReference; lastKnownFileType = text.plist.entitlements; path = testFBSignInOut.entitlements; sourceTree = "<group>"; };
		E3D24231285F8DC000531D6E /* testFBSignInOut.app */ = {isa = PBXFileReference; explicitFileType = wrapper.application; includeInIndex = 0; path = testFBSignInOut.app; sourceTree = BUILT_PRODUCTS_DIR; };
		E3D24234285F8DC000531D6E /* AppDelegate.swift */ = {isa = PBXFileReference; lastKnownFileType = sourcecode.swift; path = AppDelegate.swift; sourceTree = "<group>"; };
		E3D24236285F8DC000531D6E /* SceneDelegate.swift */ = {isa = PBXFileReference; lastKnownFileType = sourcecode.swift; path = SceneDelegate.swift; sourceTree = "<group>"; };
		E3D24238285F8DC000531D6E /* ViewController.swift */ = {isa = PBXFileReference; lastKnownFileType = sourcecode.swift; path = ViewController.swift; sourceTree = "<group>"; };
		E3D2423B285F8DC000531D6E /* Base */ = {isa = PBXFileReference; lastKnownFileType = file.storyboard; name = Base; path = Base.lproj/Main.storyboard; sourceTree = "<group>"; };
		E3D2423D285F8DC100531D6E /* Assets.xcassets */ = {isa = PBXFileReference; lastKnownFileType = folder.assetcatalog; path = Assets.xcassets; sourceTree = "<group>"; };
		E3D24240285F8DC100531D6E /* Base */ = {isa = PBXFileReference; lastKnownFileType = file.storyboard; name = Base; path = Base.lproj/LaunchScreen.storyboard; sourceTree = "<group>"; };
		E3D24242285F8DC100531D6E /* Info.plist */ = {isa = PBXFileReference; lastKnownFileType = text.plist.xml; path = Info.plist; sourceTree = "<group>"; };
		F744D3F5CE1565A0AFAD26E2 /* Pods_testFBSignInOut.framework */ = {isa = PBXFileReference; explicitFileType = wrapper.framework; includeInIndex = 0; path = Pods_testFBSignInOut.framework; sourceTree = BUILT_PRODUCTS_DIR; };
/* End PBXFileReference section */

/* Begin PBXFrameworksBuildPhase section */
		E3D2422E285F8DC000531D6E /* Frameworks */ = {
			isa = PBXFrameworksBuildPhase;
			buildActionMask = 2147483647;
			files = (
				B0D903A6CA92F172284AA9A9 /* Pods_testFBSignInOut.framework in Frameworks */,
			);
			runOnlyForDeploymentPostprocessing = 0;
		};
/* End PBXFrameworksBuildPhase section */

/* Begin PBXGroup section */
		3E756A59BF838842AA4DCA3B /* Pods */ = {
			isa = PBXGroup;
			children = (
				301A677E185BAB4334BF039F /* Pods-testFBSignInOut.debug.xcconfig */,
				2F55DCAC59C53CF165C3ED5A /* Pods-testFBSignInOut.release.xcconfig */,
			);
			path = Pods;
			sourceTree = "<group>";
		};
		7EBF77AC932AC0BF11CDAC9A /* Frameworks */ = {
			isa = PBXGroup;
			children = (
				F744D3F5CE1565A0AFAD26E2 /* Pods_testFBSignInOut.framework */,
			);
			name = Frameworks;
			sourceTree = "<group>";
		};
		E3D24228285F8DBF00531D6E = {
			isa = PBXGroup;
			children = (
				E3D24233285F8DC000531D6E /* testFBSignInOut */,
				E3D24232285F8DC000531D6E /* Products */,
				3E756A59BF838842AA4DCA3B /* Pods */,
				7EBF77AC932AC0BF11CDAC9A /* Frameworks */,
			);
			sourceTree = "<group>";
		};
		E3D24232285F8DC000531D6E /* Products */ = {
			isa = PBXGroup;
			children = (
				E3D24231285F8DC000531D6E /* testFBSignInOut.app */,
			);
			name = Products;
			sourceTree = "<group>";
		};
		E3D24233285F8DC000531D6E /* testFBSignInOut */ = {
			isa = PBXGroup;
			children = (
				E3A2EABD28637A9000F2D507 /* testFBSignInOut.entitlements */,
				E3D24234285F8DC000531D6E /* AppDelegate.swift */,
				E3D24236285F8DC000531D6E /* SceneDelegate.swift */,
				E3D24238285F8DC000531D6E /* ViewController.swift */,
				E3D2423A285F8DC000531D6E /* Main.storyboard */,
				E3D2423D285F8DC100531D6E /* Assets.xcassets */,
				E3D2423F285F8DC100531D6E /* LaunchScreen.storyboard */,
				E3D24242285F8DC100531D6E /* Info.plist */,
				E3A2EABB2863757B00F2D507 /* GoogleService-Info.plist */,
			);
			path = testFBSignInOut;
			sourceTree = "<group>";
		};
/* End PBXGroup section */

/* Begin PBXNativeTarget section */
		E3D24230285F8DC000531D6E /* testFBSignInOut */ = {
			isa = PBXNativeTarget;
			buildConfigurationList = E3D24245285F8DC100531D6E /* Build configuration list for PBXNativeTarget "testFBSignInOut" */;
			buildPhases = (
				D6854B9EBFECE44DB24025EB /* [CP] Check Pods Manifest.lock */,
				E3D2422D285F8DC000531D6E /* Sources */,
				E3D2422E285F8DC000531D6E /* Frameworks */,
				E3D2422F285F8DC000531D6E /* Resources */,
				FBF187BF2C17829C7BF0D0FD /* [CP] Embed Pods Frameworks */,
			);
			buildRules = (
			);
			dependencies = (
			);
			name = testFBSignInOut;
			productName = testFBSignInOut;
			productReference = E3D24231285F8DC000531D6E /* testFBSignInOut.app */;
			productType = "com.apple.product-type.application";
		};
/* End PBXNativeTarget section */

/* Begin PBXProject section */
		E3D24229285F8DBF00531D6E /* Project object */ = {
			isa = PBXProject;
			attributes = {
				BuildIndependentTargetsInParallel = 1;
				LastSwiftUpdateCheck = 1340;
				LastUpgradeCheck = 1340;
				TargetAttributes = {
					E3D24230285F8DC000531D6E = {
						CreatedOnToolsVersion = 13.4;
					};
				};
			};
			buildConfigurationList = E3D2422C285F8DBF00531D6E /* Build configuration list for PBXProject "testFBSignInOut" */;
			compatibilityVersion = "Xcode 13.0";
			developmentRegion = en;
			hasScannedForEncodings = 0;
			knownRegions = (
				en,
				Base,
			);
			mainGroup = E3D24228285F8DBF00531D6E;
			productRefGroup = E3D24232285F8DC000531D6E /* Products */;
			projectDirPath = "";
			projectRoot = "";
			targets = (
				E3D24230285F8DC000531D6E /* testFBSignInOut */,
			);
		};
/* End PBXProject section */

/* Begin PBXResourcesBuildPhase section */
		E3D2422F285F8DC000531D6E /* Resources */ = {
			isa = PBXResourcesBuildPhase;
			buildActionMask = 2147483647;
			files = (
				E3D24241285F8DC100531D6E /* LaunchScreen.storyboard in Resources */,
				E3A2EABC2863757B00F2D507 /* GoogleService-Info.plist in Resources */,
				E3D2423E285F8DC100531D6E /* Assets.xcassets in Resources */,
				E3D2423C285F8DC000531D6E /* Main.storyboard in Resources */,
			);
			runOnlyForDeploymentPostprocessing = 0;
		};
/* End PBXResourcesBuildPhase section */

/* Begin PBXShellScriptBuildPhase section */
		D6854B9EBFECE44DB24025EB /* [CP] Check Pods Manifest.lock */ = {
			isa = PBXShellScriptBuildPhase;
			buildActionMask = 2147483647;
			files = (
			);
			inputFileListPaths = (
			);
			inputPaths = (
				"${PODS_PODFILE_DIR_PATH}/Podfile.lock",
				"${PODS_ROOT}/Manifest.lock",
			);
			name = "[CP] Check Pods Manifest.lock";
			outputFileListPaths = (
			);
			outputPaths = (
				"$(DERIVED_FILE_DIR)/Pods-testFBSignInOut-checkManifestLockResult.txt",
			);
			runOnlyForDeploymentPostprocessing = 0;
			shellPath = /bin/sh;
			shellScript = "diff \"${PODS_PODFILE_DIR_PATH}/Podfile.lock\" \"${PODS_ROOT}/Manifest.lock\" > /dev/null\nif [ $? != 0 ] ; then\n    # print error to STDERR\n    echo \"error: The sandbox is not in sync with the Podfile.lock. Run 'pod install' or update your CocoaPods installation.\" >&2\n    exit 1\nfi\n# This output is used by Xcode 'outputs' to avoid re-running this script phase.\necho \"SUCCESS\" > \"${SCRIPT_OUTPUT_FILE_0}\"\n";
			showEnvVarsInLog = 0;
		};
		FBF187BF2C17829C7BF0D0FD /* [CP] Embed Pods Frameworks */ = {
			isa = PBXShellScriptBuildPhase;
			buildActionMask = 2147483647;
			files = (
			);
			inputFileListPaths = (
				"${PODS_ROOT}/Target Support Files/Pods-testFBSignInOut/Pods-testFBSignInOut-frameworks-${CONFIGURATION}-input-files.xcfilelist",
			);
			name = "[CP] Embed Pods Frameworks";
			outputFileListPaths = (
				"${PODS_ROOT}/Target Support Files/Pods-testFBSignInOut/Pods-testFBSignInOut-frameworks-${CONFIGURATION}-output-files.xcfilelist",
			);
			runOnlyForDeploymentPostprocessing = 0;
			shellPath = /bin/sh;
			shellScript = "\"${PODS_ROOT}/Target Support Files/Pods-testFBSignInOut/Pods-testFBSignInOut-frameworks.sh\"\n";
			showEnvVarsInLog = 0;
		};
/* End PBXShellScriptBuildPhase section */

/* Begin PBXSourcesBuildPhase section */
		E3D2422D285F8DC000531D6E /* Sources */ = {
			isa = PBXSourcesBuildPhase;
			buildActionMask = 2147483647;
			files = (
				E3D24239285F8DC000531D6E /* ViewController.swift in Sources */,
				E3D24235285F8DC000531D6E /* AppDelegate.swift in Sources */,
				E3D24237285F8DC000531D6E /* SceneDelegate.swift in Sources */,
			);
			runOnlyForDeploymentPostprocessing = 0;
		};
/* End PBXSourcesBuildPhase section */

/* Begin PBXVariantGroup section */
		E3D2423A285F8DC000531D6E /* Main.storyboard */ = {
			isa = PBXVariantGroup;
			children = (
				E3D2423B285F8DC000531D6E /* Base */,
			);
			name = Main.storyboard;
			sourceTree = "<group>";
		};
		E3D2423F285F8DC100531D6E /* LaunchScreen.storyboard */ = {
			isa = PBXVariantGroup;
			children = (
				E3D24240285F8DC100531D6E /* Base */,
			);
			name = LaunchScreen.storyboard;
			sourceTree = "<group>";
		};
/* End PBXVariantGroup section */

/* Begin XCBuildConfiguration section */
		E3D24243285F8DC100531D6E /* Debug */ = {
			isa = XCBuildConfiguration;
			buildSettings = {
				ALWAYS_SEARCH_USER_PATHS = NO;
				CLANG_ANALYZER_NONNULL = YES;
				CLANG_ANALYZER_NUMBER_OBJECT_CONVERSION = YES_AGGRESSIVE;
				CLANG_CXX_LANGUAGE_STANDARD = "gnu++17";
				CLANG_ENABLE_MODULES = YES;
				CLANG_ENABLE_OBJC_ARC = YES;
				CLANG_ENABLE_OBJC_WEAK = YES;
				CLANG_WARN_BLOCK_CAPTURE_AUTORELEASING = YES;
				CLANG_WARN_BOOL_CONVERSION = YES;
				CLANG_WARN_COMMA = YES;
				CLANG_WARN_CONSTANT_CONVERSION = YES;
				CLANG_WARN_DEPRECATED_OBJC_IMPLEMENTATIONS = YES;
				CLANG_WARN_DIRECT_OBJC_ISA_USAGE = YES_ERROR;
				CLANG_WARN_DOCUMENTATION_COMMENTS = YES;
				CLANG_WARN_EMPTY_BODY = YES;
				CLANG_WARN_ENUM_CONVERSION = YES;
				CLANG_WARN_INFINITE_RECURSION = YES;
				CLANG_WARN_INT_CONVERSION = YES;
				CLANG_WARN_NON_LITERAL_NULL_CONVERSION = YES;
				CLANG_WARN_OBJC_IMPLICIT_RETAIN_SELF = YES;
				CLANG_WARN_OBJC_LITERAL_CONVERSION = YES;
				CLANG_WARN_OBJC_ROOT_CLASS = YES_ERROR;
				CLANG_WARN_QUOTED_INCLUDE_IN_FRAMEWORK_HEADER = YES;
				CLANG_WARN_RANGE_LOOP_ANALYSIS = YES;
				CLANG_WARN_STRICT_PROTOTYPES = YES;
				CLANG_WARN_SUSPICIOUS_MOVE = YES;
				CLANG_WARN_UNGUARDED_AVAILABILITY = YES_AGGRESSIVE;
				CLANG_WARN_UNREACHABLE_CODE = YES;
				CLANG_WARN__DUPLICATE_METHOD_MATCH = YES;
				COPY_PHASE_STRIP = NO;
				DEBUG_INFORMATION_FORMAT = dwarf;
				ENABLE_STRICT_OBJC_MSGSEND = YES;
				ENABLE_TESTABILITY = YES;
				GCC_C_LANGUAGE_STANDARD = gnu11;
				GCC_DYNAMIC_NO_PIC = NO;
				GCC_NO_COMMON_BLOCKS = YES;
				GCC_OPTIMIZATION_LEVEL = 0;
				GCC_PREPROCESSOR_DEFINITIONS = (
					"DEBUG=1",
					"$(inherited)",
				);
				GCC_WARN_64_TO_32_BIT_CONVERSION = YES;
				GCC_WARN_ABOUT_RETURN_TYPE = YES_ERROR;
				GCC_WARN_UNDECLARED_SELECTOR = YES;
				GCC_WARN_UNINITIALIZED_AUTOS = YES_AGGRESSIVE;
				GCC_WARN_UNUSED_FUNCTION = YES;
				GCC_WARN_UNUSED_VARIABLE = YES;
				IPHONEOS_DEPLOYMENT_TARGET = 15.5;
				MTL_ENABLE_DEBUG_INFO = INCLUDE_SOURCE;
				MTL_FAST_MATH = YES;
				ONLY_ACTIVE_ARCH = YES;
				SDKROOT = iphoneos;
				SWIFT_ACTIVE_COMPILATION_CONDITIONS = DEBUG;
				SWIFT_OPTIMIZATION_LEVEL = "-Onone";
			};
			name = Debug;
		};
		E3D24244285F8DC100531D6E /* Release */ = {
			isa = XCBuildConfiguration;
			buildSettings = {
				ALWAYS_SEARCH_USER_PATHS = NO;
				CLANG_ANALYZER_NONNULL = YES;
				CLANG_ANALYZER_NUMBER_OBJECT_CONVERSION = YES_AGGRESSIVE;
				CLANG_CXX_LANGUAGE_STANDARD = "gnu++17";
				CLANG_ENABLE_MODULES = YES;
				CLANG_ENABLE_OBJC_ARC = YES;
				CLANG_ENABLE_OBJC_WEAK = YES;
				CLANG_WARN_BLOCK_CAPTURE_AUTORELEASING = YES;
				CLANG_WARN_BOOL_CONVERSION = YES;
				CLANG_WARN_COMMA = YES;
				CLANG_WARN_CONSTANT_CONVERSION = YES;
				CLANG_WARN_DEPRECATED_OBJC_IMPLEMENTATIONS = YES;
				CLANG_WARN_DIRECT_OBJC_ISA_USAGE = YES_ERROR;
				CLANG_WARN_DOCUMENTATION_COMMENTS = YES;
				CLANG_WARN_EMPTY_BODY = YES;
				CLANG_WARN_ENUM_CONVERSION = YES;
				CLANG_WARN_INFINITE_RECURSION = YES;
				CLANG_WARN_INT_CONVERSION = YES;
				CLANG_WARN_NON_LITERAL_NULL_CONVERSION = YES;
				CLANG_WARN_OBJC_IMPLICIT_RETAIN_SELF = YES;
				CLANG_WARN_OBJC_LITERAL_CONVERSION = YES;
				CLANG_WARN_OBJC_ROOT_CLASS = YES_ERROR;
				CLANG_WARN_QUOTED_INCLUDE_IN_FRAMEWORK_HEADER = YES;
				CLANG_WARN_RANGE_LOOP_ANALYSIS = YES;
				CLANG_WARN_STRICT_PROTOTYPES = YES;
				CLANG_WARN_SUSPICIOUS_MOVE = YES;
				CLANG_WARN_UNGUARDED_AVAILABILITY = YES_AGGRESSIVE;
				CLANG_WARN_UNREACHABLE_CODE = YES;
				CLANG_WARN__DUPLICATE_METHOD_MATCH = YES;
				COPY_PHASE_STRIP = NO;
				DEBUG_INFORMATION_FORMAT = "dwarf-with-dsym";
				ENABLE_NS_ASSERTIONS = NO;
				ENABLE_STRICT_OBJC_MSGSEND = YES;
				GCC_C_LANGUAGE_STANDARD = gnu11;
				GCC_NO_COMMON_BLOCKS = YES;
				GCC_WARN_64_TO_32_BIT_CONVERSION = YES;
				GCC_WARN_ABOUT_RETURN_TYPE = YES_ERROR;
				GCC_WARN_UNDECLARED_SELECTOR = YES;
				GCC_WARN_UNINITIALIZED_AUTOS = YES_AGGRESSIVE;
				GCC_WARN_UNUSED_FUNCTION = YES;
				GCC_WARN_UNUSED_VARIABLE = YES;
				IPHONEOS_DEPLOYMENT_TARGET = 15.5;
				MTL_ENABLE_DEBUG_INFO = NO;
				MTL_FAST_MATH = YES;
				SDKROOT = iphoneos;
				SWIFT_COMPILATION_MODE = wholemodule;
				SWIFT_OPTIMIZATION_LEVEL = "-O";
				VALIDATE_PRODUCT = YES;
			};
			name = Release;
		};
		E3D24246285F8DC100531D6E /* Debug */ = {
			isa = XCBuildConfiguration;
			baseConfigurationReference = 301A677E185BAB4334BF039F /* Pods-testFBSignInOut.debug.xcconfig */;
			buildSettings = {
				ASSETCATALOG_COMPILER_APPICON_NAME = AppIcon;
				ASSETCATALOG_COMPILER_GLOBAL_ACCENT_COLOR_NAME = AccentColor;
				CODE_SIGN_ENTITLEMENTS = testFBSignInOut/testFBSignInOut.entitlements;
				CODE_SIGN_STYLE = Automatic;
				CURRENT_PROJECT_VERSION = 1;
				DEVELOPMENT_TEAM = 8V7SZ2P38T;
				GENERATE_INFOPLIST_FILE = YES;
				INFOPLIST_FILE = testFBSignInOut/Info.plist;
				INFOPLIST_KEY_UIApplicationSupportsIndirectInputEvents = YES;
				INFOPLIST_KEY_UILaunchStoryboardName = LaunchScreen;
				INFOPLIST_KEY_UIMainStoryboardFile = Main;
				INFOPLIST_KEY_UISupportedInterfaceOrientations_iPad = "UIInterfaceOrientationPortrait UIInterfaceOrientationPortraitUpsideDown UIInterfaceOrientationLandscapeLeft UIInterfaceOrientationLandscapeRight";
				INFOPLIST_KEY_UISupportedInterfaceOrientations_iPhone = "UIInterfaceOrientationPortrait UIInterfaceOrientationLandscapeLeft UIInterfaceOrientationLandscapeRight";
				LD_RUNPATH_SEARCH_PATHS = (
					"$(inherited)",
					"@executable_path/Frameworks",
				);
				MARKETING_VERSION = 1.0;
				PRODUCT_BUNDLE_IDENTIFIER = jkh.testFBSignInOut;
				PRODUCT_NAME = "$(TARGET_NAME)";
				SWIFT_EMIT_LOC_STRINGS = YES;
				SWIFT_VERSION = 5.0;
				TARGETED_DEVICE_FAMILY = "1,2";
			};
			name = Debug;
		};
		E3D24247285F8DC100531D6E /* Release */ = {
			isa = XCBuildConfiguration;
			baseConfigurationReference = 2F55DCAC59C53CF165C3ED5A /* Pods-testFBSignInOut.release.xcconfig */;
			buildSettings = {
				ASSETCATALOG_COMPILER_APPICON_NAME = AppIcon;
				ASSETCATALOG_COMPILER_GLOBAL_ACCENT_COLOR_NAME = AccentColor;
				CODE_SIGN_ENTITLEMENTS = testFBSignInOut/testFBSignInOut.entitlements;
				CODE_SIGN_STYLE = Automatic;
				CURRENT_PROJECT_VERSION = 1;
				DEVELOPMENT_TEAM = 8V7SZ2P38T;
				GENERATE_INFOPLIST_FILE = YES;
				INFOPLIST_FILE = testFBSignInOut/Info.plist;
				INFOPLIST_KEY_UIApplicationSupportsIndirectInputEvents = YES;
				INFOPLIST_KEY_UILaunchStoryboardName = LaunchScreen;
				INFOPLIST_KEY_UIMainStoryboardFile = Main;
				INFOPLIST_KEY_UISupportedInterfaceOrientations_iPad = "UIInterfaceOrientationPortrait UIInterfaceOrientationPortraitUpsideDown UIInterfaceOrientationLandscapeLeft UIInterfaceOrientationLandscapeRight";
				INFOPLIST_KEY_UISupportedInterfaceOrientations_iPhone = "UIInterfaceOrientationPortrait UIInterfaceOrientationLandscapeLeft UIInterfaceOrientationLandscapeRight";
				LD_RUNPATH_SEARCH_PATHS = (
					"$(inherited)",
					"@executable_path/Frameworks",
				);
				MARKETING_VERSION = 1.0;
				PRODUCT_BUNDLE_IDENTIFIER = jkh.testFBSignInOut;
				PRODUCT_NAME = "$(TARGET_NAME)";
				SWIFT_EMIT_LOC_STRINGS = YES;
				SWIFT_VERSION = 5.0;
				TARGETED_DEVICE_FAMILY = "1,2";
			};
			name = Release;
		};
/* End XCBuildConfiguration section */

/* Begin XCConfigurationList section */
		E3D2422C285F8DBF00531D6E /* Build configuration list for PBXProject "testFBSignInOut" */ = {
			isa = XCConfigurationList;
			buildConfigurations = (
				E3D24243285F8DC100531D6E /* Debug */,
				E3D24244285F8DC100531D6E /* Release */,
			);
			defaultConfigurationIsVisible = 0;
			defaultConfigurationName = Release;
		};
		E3D24245285F8DC100531D6E /* Build configuration list for PBXNativeTarget "testFBSignInOut" */ = {
			isa = XCConfigurationList;
			buildConfigurations = (
				E3D24246285F8DC100531D6E /* Debug */,
				E3D24247285F8DC100531D6E /* Release */,
			);
			defaultConfigurationIsVisible = 0;
			defaultConfigurationName = Release;
		};
/* End XCConfigurationList section */
	};
	rootObject = E3D24229285F8DBF00531D6E /* Project object */;
}
